// !$*UTF8*$!
{
	archiveVersion = 1;
	classes = {
	};
	objectVersion = 46;
	objects = {

/* Begin PBXBuildFile section */
		DBC2CE67206B27FF009A1134 /* main.m in Sources */ = {isa = PBXBuildFile; fileRef = DBC2CE66206B27FF009A1134 /* main.m */; };
		DBC2CE6A206B27FF009A1134 /* AppDelegate.m in Sources */ = {isa = PBXBuildFile; fileRef = DBC2CE69206B27FF009A1134 /* AppDelegate.m */; };
		DBC2CE6D206B27FF009A1134 /* ViewController.m in Sources */ = {isa = PBXBuildFile; fileRef = DBC2CE6C206B27FF009A1134 /* ViewController.m */; };
		DBC2CE70206B27FF009A1134 /* Main.storyboard in Resources */ = {isa = PBXBuildFile; fileRef = DBC2CE6E206B27FF009A1134 /* Main.storyboard */; };
		DBC2CE72206B27FF009A1134 /* Assets.xcassets in Resources */ = {isa = PBXBuildFile; fileRef = DBC2CE71206B27FF009A1134 /* Assets.xcassets */; };
		DBC2CE75206B27FF009A1134 /* LaunchScreen.storyboard in Resources */ = {isa = PBXBuildFile; fileRef = DBC2CE73206B27FF009A1134 /* LaunchScreen.storyboard */; };
/* End PBXBuildFile section */

/* Begin PBXFileReference section */
		DBC2CE62206B27FF009A1134 /* Present.app */ = {isa = PBXFileReference; explicitFileType = wrapper.application; includeInIndex = 0; path = Present.app; sourceTree = BUILT_PRODUCTS_DIR; };
		DBC2CE66206B27FF009A1134 /* main.m */ = {isa = PBXFileReference; lastKnownFileType = sourcecode.c.objc; path = main.m; sourceTree = "<group>"; };
		DBC2CE68206B27FF009A1134 /* AppDelegate.h */ = {isa = PBXFileReference; lastKnownFileType = sourcecode.c.h; path = AppDelegate.h; sourceTree = "<group>"; };
		DBC2CE69206B27FF009A1134 /* AppDelegate.m */ = {isa = PBXFileReference; lastKnownFileType = sourcecode.c.objc; path = AppDelegate.m; sourceTree = "<group>"; };
		DBC2CE6B206B27FF009A1134 /* ViewController.h */ = {isa = PBXFileReference; lastKnownFileType = sourcecode.c.h; path = ViewController.h; sourceTree = "<group>"; };
		DBC2CE6C206B27FF009A1134 /* ViewController.m */ = {isa = PBXFileReference; lastKnownFileType = sourcecode.c.objc; path = ViewController.m; sourceTree = "<group>"; };
		DBC2CE6F206B27FF009A1134 /* Base */ = {isa = PBXFileReference; lastKnownFileType = file.storyboard; name = Base; path = Base.lproj/Main.storyboard; sourceTree = "<group>"; };
		DBC2CE71206B27FF009A1134 /* Assets.xcassets */ = {isa = PBXFileReference; lastKnownFileType = folder.assetcatalog; path = Assets.xcassets; sourceTree = "<group>"; };
		DBC2CE74206B27FF009A1134 /* Base */ = {isa = PBXFileReference; lastKnownFileType = file.storyboard; name = Base; path = Base.lproj/LaunchScreen.storyboard; sourceTree = "<group>"; };
		DBC2CE76206B27FF009A1134 /* Info.plist */ = {isa = PBXFileReference; lastKnownFileType = text.plist.xml; path = Info.plist; sourceTree = "<group>"; };
/* End PBXFileReference section */

/* Begin PBXFrameworksBuildPhase section */
		DBC2CE5F206B27FF009A1134 /* Frameworks */ = {
			isa = PBXFrameworksBuildPhase;
			buildActionMask = 2147483647;
			files = (
			);
			runOnlyForDeploymentPostprocessing = 0;
		};
/* End PBXFrameworksBuildPhase section */

/* Begin PBXGroup section */
		DBC2CE59206B27FF009A1134 = {
			isa = PBXGroup;
			children = (
				DBC2CE64206B27FF009A1134 /* Present */,
				DBC2CE63206B27FF009A1134 /* Products */,
			);
			sourceTree = "<group>";
		};
		DBC2CE63206B27FF009A1134 /* Products */ = {
			isa = PBXGroup;
			children = (
				DBC2CE62206B27FF009A1134 /* Present.app */,
			);
			name = Products;
			sourceTree = "<group>";
		};
		DBC2CE64206B27FF009A1134 /* Present */ = {
			isa = PBXGroup;
			children = (
				DBC2CE68206B27FF009A1134 /* AppDelegate.h */,
				DBC2CE69206B27FF009A1134 /* AppDelegate.m */,
				DBC2CE6B206B27FF009A1134 /* ViewController.h */,
				DBC2CE6C206B27FF009A1134 /* ViewController.m */,
				DBC2CE6E206B27FF009A1134 /* Main.storyboard */,
				DBC2CE71206B27FF009A1134 /* Assets.xcassets */,
				DBC2CE73206B27FF009A1134 /* LaunchScreen.storyboard */,
				DBC2CE76206B27FF009A1134 /* Info.plist */,
				DBC2CE65206B27FF009A1134 /* Supporting Files */,
			);
			path = Present;
			sourceTree = "<group>";
		};
		DBC2CE65206B27FF009A1134 /* Supporting Files */ = {
			isa = PBXGroup;
			children = (
				DBC2CE66206B27FF009A1134 /* main.m */,
			);
			name = "Supporting Files";
			sourceTree = "<group>";
		};
/* End PBXGroup section */

/* Begin PBXNativeTarget section */
		DBC2CE61206B27FF009A1134 /* Present */ = {
			isa = PBXNativeTarget;
			buildConfigurationList = DBC2CE79206B27FF009A1134 /* Build configuration list for PBXNativeTarget "Present" */;
			buildPhases = (
				DBC2CE5E206B27FF009A1134 /* Sources */,
				DBC2CE5F206B27FF009A1134 /* Frameworks */,
				DBC2CE60206B27FF009A1134 /* Resources */,
			);
			buildRules = (
			);
			dependencies = (
			);
			name = Present;
			productName = Present;
			productReference = DBC2CE62206B27FF009A1134 /* Present.app */;
			productType = "com.apple.product-type.application";
		};
/* End PBXNativeTarget section */

/* Begin PBXProject section */
		DBC2CE5A206B27FF009A1134 /* Project object */ = {
			isa = PBXProject;
			attributes = {
				LastUpgradeCheck = 0830;
				ORGANIZATIONNAME = mango;
				TargetAttributes = {
					DBC2CE61206B27FF009A1134 = {
						CreatedOnToolsVersion = 8.3.3;
						ProvisioningStyle = Automatic;
					};
				};
			};
			buildConfigurationList = DBC2CE5D206B27FF009A1134 /* Build configuration list for PBXProject "Present" */;
			compatibilityVersion = "Xcode 3.2";
			developmentRegion = English;
			hasScannedForEncodings = 0;
			knownRegions = (
				en,
				Base,
			);
			mainGroup = DBC2CE59206B27FF009A1134;
			productRefGroup = DBC2CE63206B27FF009A1134 /* Products */;
			projectDirPath = "";
			projectRoot = "";
			targets = (
				DBC2CE61206B27FF009A1134 /* Present */,
			);
		};
/* End PBXProject section */

/* Begin PBXResourcesBuildPhase section */
		DBC2CE60206B27FF009A1134 /* Resources */ = {
			isa = PBXResourcesBuildPhase;
			buildActionMask = 2147483647;
			files = (
				DBC2CE75206B27FF009A1134 /* LaunchScreen.storyboard in Resources */,
				DBC2CE72206B27FF009A1134 /* Assets.xcassets in Resources */,
				DBC2CE70206B27FF009A1134 /* Main.storyboard in Resources */,
			);
			runOnlyForDeploymentPostprocessing = 0;
		};
/* End PBXResourcesBuildPhase section */

/* Begin PBXSourcesBuildPhase section */
		DBC2CE5E206B27FF009A1134 /* Sources */ = {
			isa = PBXSourcesBuildPhase;
			buildActionMask = 2147483647;
			files = (
				DBC2CE6D206B27FF009A1134 /* ViewController.m in Sources */,
				DBC2CE6A206B27FF009A1134 /* AppDelegate.m in Sources */,
				DBC2CE67206B27FF009A1134 /* main.m in Sources */,
			);
			runOnlyForDeploymentPostprocessing = 0;
		};
/* End PBXSourcesBuildPhase section */

/* Begin PBXVariantGroup section */
		DBC2CE6E206B27FF009A1134 /* Main.storyboard */ = {
			isa = PBXVariantGroup;
			children = (
				DBC2CE6F206B27FF009A1134 /* Base */,
			);
			name = Main.storyboard;
			sourceTree = "<group>";
		};
		DBC2CE73206B27FF009A1134 /* LaunchScreen.storyboard */ = {
			isa = PBXVariantGroup;
			children = (
				DBC2CE74206B27FF009A1134 /* Base */,
			);
			name = LaunchScreen.storyboard;
			sourceTree = "<group>";
		};
/* End PBXVariantGroup section */

/* Begin XCBuildConfiguration section */
		DBC2CE77206B27FF009A1134 /* Debug */ = {
			isa = XCBuildConfiguration;
			buildSettings = {
				ALWAYS_SEARCH_USER_PATHS = NO;
				CLANG_ANALYZER_NONNULL = YES;
				CLANG_ANALYZER_NUMBER_OBJECT_CONVERSION = YES_AGGRESSIVE;
				CLANG_CXX_LANGUAGE_STANDARD = "gnu++0x";
				CLANG_CXX_LIBRARY = "libc++";
				CLANG_ENABLE_MODULES = YES;
				CLANG_ENABLE_OBJC_ARC = YES;
				CLANG_WARN_BOOL_CONVERSION = YES;
				CLANG_WARN_CONSTANT_CONVERSION = YES;
				CLANG_WARN_DIRECT_OBJC_ISA_USAGE = YES_ERROR;
				CLANG_WARN_DOCUMENTATION_COMMENTS = YES;
				CLANG_WARN_EMPTY_BODY = YES;
				CLANG_WARN_ENUM_CONVERSION = YES;
				CLANG_WARN_INFINITE_RECURSION = YES;
				CLANG_WARN_INT_CONVERSION = YES;
				CLANG_WARN_OBJC_ROOT_CLASS = YES_ERROR;
				CLANG_WARN_SUSPICIOUS_MOVE = YES;
				CLANG_WARN_UNREACHABLE_CODE = YES;
				CLANG_WARN__DUPLICATE_METHOD_MATCH = YES;
				"CODE_SIGN_IDENTITY[sdk=iphoneos*]" = "iPhone Developer";
				COPY_PHASE_STRIP = NO;
				DEBUG_INFORMATION_FORMAT = dwarf;
				ENABLE_STRICT_OBJC_MSGSEND = YES;
				ENABLE_TESTABILITY = YES;
				GCC_C_LANGUAGE_STANDARD = gnu99;
				GCC_DYNAMIC_NO_PIC = NO;
				GCC_NO_COMMON_BLOCKS = YES;
				GCC_OPTIMIZATION_LEVEL = 0;
				GCC_PREPROCESSOR_DEFINITIONS = (
					"DEBUG=1",
					"$(inherited)",
				);
				GCC_WARN_64_TO_32_BIT_CONVERSION = YES;
				GCC_WARN_ABOUT_RETURN_TYPE = YES_ERROR;
				GCC_WARN_UNDECLARED_SELECTOR = YES;
				GCC_WARN_UNINITIALIZED_AUTOS = YES_AGGRESSIVE;
				GCC_WARN_UNUSED_FUNCTION = YES;
				GCC_WARN_UNUSED_VARIABLE = YES;
				IPHONEOS_DEPLOYMENT_TARGET = 10.3;
				MTL_ENABLE_DEBUG_INFO = YES;
				ONLY_ACTIVE_ARCH = YES;
				SDKROOT = iphoneos;
				TARGETED_DEVICE_FAMILY = "1,2";
			};
			name = Debug;
		};
		DBC2CE78206B27FF009A1134 /* Release */ = {
			isa = XCBuildConfiguration;
			buildSettings = {
				ALWAYS_SEARCH_USER_PATHS = NO;
				CLANG_ANALYZER_NONNULL = YES;
				CLANG_ANALYZER_NUMBER_OBJECT_CONVERSION = YES_AGGRESSIVE;
				CLANG_CXX_LANGUAGE_STANDARD = "gnu++0x";
				CLANG_CXX_LIBRARY = "libc++";
				CLANG_ENABLE_MODULES = YES;
				CLANG_ENABLE_OBJC_ARC = YES;
				CLANG_WARN_BOOL_CONVERSION = YES;
				CLANG_WARN_CONSTANT_CONVERSION = YES;
				CLANG_WARN_DIRECT_OBJC_ISA_USAGE = YES_ERROR;
				CLANG_WARN_DOCUMENTATION_COMMENTS = YES;
				CLANG_WARN_EMPTY_BODY = YES;
				CLANG_WARN_ENUM_CONVERSION = YES;
				CLANG_WARN_INFINITE_RECURSION = YES;
				CLANG_WARN_INT_CONVERSION = YES;
				CLANG_WARN_OBJC_ROOT_CLASS = YES_ERROR;
				CLANG_WARN_SUSPICIOUS_MOVE = YES;
				CLANG_WARN_UNREACHABLE_CODE = YES;
				CLANG_WARN__DUPLICATE_METHOD_MATCH = YES;
				"CODE_SIGN_IDENTITY[sdk=iphoneos*]" = "iPhone Developer";
				COPY_PHASE_STRIP = NO;
				DEBUG_INFORMATION_FORMAT = "dwarf-with-dsym";
				ENABLE_NS_ASSERTIONS = NO;
				ENABLE_STRICT_OBJC_MSGSEND = YES;
				GCC_C_LANGUAGE_STANDARD = gnu99;
				GCC_NO_COMMON_BLOCKS = YES;
				GCC_WARN_64_TO_32_BIT_CONVERSION = YES;
				GCC_WARN_ABOUT_RETURN_TYPE = YES_ERROR;
				GCC_WARN_UNDECLARED_SELECTOR = YES;
				GCC_WARN_UNINITIALIZED_AUTOS = YES_AGGRESSIVE;
				GCC_WARN_UNUSED_FUNCTION = YES;
				GCC_WARN_UNUSED_VARIABLE = YES;
				IPHONEOS_DEPLOYMENT_TARGET = 10.3;
				MTL_ENABLE_DEBUG_INFO = NO;
				SDKROOT = iphoneos;
				TARGETED_DEVICE_FAMILY = "1,2";
				VALIDATE_PRODUCT = YES;
			};
			name = Release;
		};
		DBC2CE7A206B27FF009A1134 /* Debug */ = {
			isa = XCBuildConfiguration;
			buildSettings = {
				ASSETCATALOG_COMPILER_APPICON_NAME = AppIcon;
				INFOPLIST_FILE = Present/Info.plist;
				LD_RUNPATH_SEARCH_PATHS = "$(inherited) @executable_path/Frameworks";
				PRODUCT_BUNDLE_IDENTIFIER = scene.Present;
				PRODUCT_NAME = "$(TARGET_NAME)";
			};
			name = Debug;
		};
		DBC2CE7B206B27FF009A1134 /* Release */ = {
			isa = XCBuildConfiguration;
			buildSettings = {
				ASSETCATALOG_COMPILER_APPICON_NAME = AppIcon;
				INFOPLIST_FILE = Present/Info.plist;
				LD_RUNPATH_SEARCH_PATHS = "$(inherited) @executable_path/Frameworks";
				PRODUCT_BUNDLE_IDENTIFIER = scene.Present;
				PRODUCT_NAME = "$(TARGET_NAME)";
			};
			name = Release;
		};
/* End XCBuildConfiguration section */

/* Begin XCConfigurationList section */
		DBC2CE5D206B27FF009A1134 /* Build configuration list for PBXProject "Present" */ = {
			isa = XCConfigurationList;
			buildConfigurations = (
				DBC2CE77206B27FF009A1134 /* Debug */,
				DBC2CE78206B27FF009A1134 /* Release */,
			);
			defaultConfigurationIsVisible = 0;
			defaultConfigurationName = Release;
		};
		DBC2CE79206B27FF009A1134 /* Build configuration list for PBXNativeTarget "Present" */ = {
			isa = XCConfigurationList;
			buildConfigurations = (
				DBC2CE7A206B27FF009A1134 /* Debug */,
				DBC2CE7B206B27FF009A1134 /* Release */,
			);
			defaultConfigurationIsVisible = 0;
		};
/* End XCConfigurationList section */
	};
	rootObject = DBC2CE5A206B27FF009A1134 /* Project object */;
}
